github.com/adigunhammedolalekan/luna v0.0.0-20190218073224-e128b6a30ef3 h1:Ut86yIctmVVei0T3q0/UMZeSxgQetnzOh5Yv+McCt5o=
github.com/adigunhammedolalekan/luna v0.0.0-20190218073224-e128b6a30ef3/go.mod h1:zRq1F4/skvu1kPh+skjljvNu4tP/GBX+08lDYVGZICc=
github.com/google/uuid v1.1.1 h1:Gkbcsh/GbpXz7lPftLA3P6TYMwjCLYm83jiFQZF/3gY=
github.com/google/uuid v1.1.1/go.mod h1:TIyPZe4MgqvfeYDBFedMoGGpEw/LqOeaOT+nhxU+yHo=
github.com/gorilla/mux v1.7.1 h1:Dw4jY2nghMMRsh1ol8dv1axHkDwMQK2DHerMNJsIpJU=
github.com/gorilla/mux v1.7.1/go.mod h1:1lud6UwP+6orDFRuTfBEV8e9/aOM/c4fVVCaMa2zaAs=
github.com/gorilla/websocket v1.4.0 h1:WDFjx/TMzVgy9VdMMQi2K2Emtwi2QcUQsztZ/zLaH/Q=
github.com/gorilla/websocket v1.4.0/go.mod h1:E7qHFY5m1UJ88s3WnNqhKjPHQ0heANvMoAMk2YaljkQ=
github.com/olahol/melody v0.0.0-20180227134253-7bd65910e5ab h1:2fsluM+sAZRIQtvloPaokkWWjV8strYfmXsDCtZMqt0=
github.com/olahol/melody v0.0.0-20180227134253-7bd65910e5ab/go.mod h1:3lo03f1jM3KFUG/rsujuLB1rBmlvIzVM3SCqbuHqsBU=
