# This file is autogenerated, do not edit; changes may be undone by the next 'dep ensure'.


[[projects]]
  branch = "master"
  digest = "1:d191f53e378d87818a7c6571e76db1b26eaa9a3bcd369509293fc7b5edbd87f0"
  name = "github.com/adigunhammedolalekan/luna"
  packages = ["."]
  pruneopts = "UT"
  revision = "e128b6a30ef3c377f78da50c3d77393aa0e30e72"

[[projects]]
  digest = "1:582b704bebaa06b48c29b0cec224a6058a09c86883aaddabde889cd1a5f73e1b"
  name = "github.com/google/uuid"
  packages = ["."]
  pruneopts = "UT"
  revision = "0cd6bf5da1e1c83f8b45653022c74f71af0538a4"
  version = "v1.1.1"

[[projects]]
  digest = "1:3af6be4fee7c08f81f13d36f04ffb63ad4b6b5aaba12cce96095c7c2863d4912"
  name = "github.com/gorilla/mux"
  packages = ["."]
  pruneopts = "UT"
  revision = "ed099d42384823742bba0bf9a72b53b55c9e2e38"
  version = "v1.7.2"

[[projects]]
  digest = "1:7b5c6e2eeaa9ae5907c391a91c132abfd5c9e8a784a341b5625e750c67e6825d"
  name = "github.com/gorilla/websocket"
  packages = ["."]
  pruneopts = "UT"
  revision = "66b9c49e59c6c48f0ffce28c2d8b8a5678502c6d"
  version = "v1.4.0"

[[projects]]
  digest = "1:0a7a9cf66246acda7703a89c6ccbd68aefdba2eea775e7368c92879c24f1c606"
  name = "github.com/olahol/melody"
  packages = ["."]
  pruneopts = "UT"
  revision = "d521390733761fe1db13de575c253afd5c743085"
  version = "v1"

[solve-meta]
  analyzer-name = "dep"
  analyzer-version = 1
  input-imports = [
    "github.com/adigunhammedolalekan/luna",
    "github.com/google/uuid",
    "github.com/gorilla/mux"
  ]
  solver-name = "gps-cdcl"
  solver-version = 1
